
Microsoft Visual Studio Solution File, Format Version 12.00
# Visual Studio Version 16
VisualStudioVersion = 16.0.30711.63
MinimumVisualStudioVersion = 10.0.40219.1
Project("{FAE04EC0-301F-11D3-BF4B-00C04F79EFBC}") = "Ats.Domain", "Ats.Domain\Ats.Domain.csproj", "{3F5B6EFC-95A1-4468-9246-114A514249A2}"
EndProject
Project("{FAE04EC0-301F-11D3-BF4B-00C04F79EFBC}") = "Ats.Tests", "Ats.Tests\Ats.Tests.csproj", "{E4703852-8EC5-4DAC-AB79-F7BE38BA27CF}"
EndProject
Project("{FAE04EC0-301F-11D3-BF4B-00C04F79EFBC}") = "Ats.Application", "Ats.Application\Ats.Application.csproj", "{97040B9D-9A18-4B1C-A7D5-CBA57986FBA5}"
EndProject
Project("{FAE04EC0-301F-11D3-BF4B-00C04F79EFBC}") = "Ats.Infrastructure", "Ats.Infrastructure\Ats.Infrastructure.csproj", "{D5D8A19A-76AD-477F-8D7E-13677893EB13}"
EndProject
Project("{FAE04EC0-301F-11D3-BF4B-00C04F79EFBC}") = "Ats.ComponentsRegistration", "Ats.ComponentsRegistration\Ats.ComponentsRegistration.csproj", "{6CBC11B2-2ADF-4D66-AB6D-28E16A2479FE}"
EndProject
Project("{FAE04EC0-301F-11D3-BF4B-00C04F79EFBC}") = "Ats.Core", "Ats.Core\Ats.Core.csproj", "{AF7085B0-0C56-45A5-B461-376DFD4DF94C}"
EndProject
Global
	GlobalSection(SolutionConfigurationPlatforms) = preSolution
		Debug|Any CPU = Debug|Any CPU
		Release|Any CPU = Release|Any CPU
	EndGlobalSection
	GlobalSection(ProjectConfigurationPlatforms) = postSolution
		{3F5B6EFC-95A1-4468-9246-114A514249A2}.Debug|Any CPU.ActiveCfg = Debug|Any CPU
		{3F5B6EFC-95A1-4468-9246-114A514249A2}.Debug|Any CPU.Build.0 = Debug|Any CPU
		{3F5B6EFC-95A1-4468-9246-114A514249A2}.Release|Any CPU.ActiveCfg = Release|Any CPU
		{3F5B6EFC-95A1-4468-9246-114A514249A2}.Release|Any CPU.Build.0 = Release|Any CPU
		{E4703852-8EC5-4DAC-AB79-F7BE38BA27CF}.Debug|Any CPU.ActiveCfg = Debug|Any CPU
		{E4703852-8EC5-4DAC-AB79-F7BE38BA27CF}.Debug|Any CPU.Build.0 = Debug|Any CPU
		{E4703852-8EC5-4DAC-AB79-F7BE38BA27CF}.Release|Any CPU.ActiveCfg = Release|Any CPU
		{E4703852-8EC5-4DAC-AB79-F7BE38BA27CF}.Release|Any CPU.Build.0 = Release|Any CPU
		{97040B9D-9A18-4B1C-A7D5-CBA57986FBA5}.Debug|Any CPU.ActiveCfg = Debug|Any CPU
		{97040B9D-9A18-4B1C-A7D5-CBA57986FBA5}.Debug|Any CPU.Build.0 = Debug|Any CPU
		{97040B9D-9A18-4B1C-A7D5-CBA57986FBA5}.Release|Any CPU.ActiveCfg = Release|Any CPU
		{97040B9D-9A18-4B1C-A7D5-CBA57986FBA5}.Release|Any CPU.Build.0 = Release|Any CPU
		{D5D8A19A-76AD-477F-8D7E-13677893EB13}.Debug|Any CPU.ActiveCfg = Debug|Any CPU
		{D5D8A19A-76AD-477F-8D7E-13677893EB13}.Debug|Any CPU.Build.0 = Debug|Any CPU
		{D5D8A19A-76AD-477F-8D7E-13677893EB13}.Release|Any CPU.ActiveCfg = Release|Any CPU
		{D5D8A19A-76AD-477F-8D7E-13677893EB13}.Release|Any CPU.Build.0 = Release|Any CPU
		{6CBC11B2-2ADF-4D66-AB6D-28E16A2479FE}.Debug|Any CPU.ActiveCfg = Debug|Any CPU
		{6CBC11B2-2ADF-4D66-AB6D-28E16A2479FE}.Debug|Any CPU.Build.0 = Debug|Any CPU
		{6CBC11B2-2ADF-4D66-AB6D-28E16A2479FE}.Release|Any CPU.ActiveCfg = Release|Any CPU
		{6CBC11B2-2ADF-4D66-AB6D-28E16A2479FE}.Release|Any CPU.Build.0 = Release|Any CPU
		{AF7085B0-0C56-45A5-B461-376DFD4DF94C}.Debug|Any CPU.ActiveCfg = Debug|Any CPU
		{AF7085B0-0C56-45A5-B461-376DFD4DF94C}.Debug|Any CPU.Build.0 = Debug|Any CPU
		{AF7085B0-0C56-45A5-B461-376DFD4DF94C}.Release|Any CPU.ActiveCfg = Release|Any CPU
		{AF7085B0-0C56-45A5-B461-376DFD4DF94C}.Release|Any CPU.Build.0 = Release|Any CPU
	EndGlobalSection
	GlobalSection(SolutionProperties) = preSolution
		HideSolutionNode = FALSE
	EndGlobalSection
	GlobalSection(ExtensibilityGlobals) = postSolution
		SolutionGuid = {2D10FE6D-A605-4809-AA80-5CA0C82A92F5}
	EndGlobalSection
EndGlobal
